{
  "name": "browserstack-protractor-reporter",
  "version": "0.2.2",
  "lockfileVersion": 3,
  "requires": true,
  "packages": {
    "": {
      "version": "0.2.2",
      "license": "ISC",
      "dependencies": {
        "junit-report-builder": "^1.3.1",
        "xmlbuilder": "^10.0.0"
      }
    },
    "node_modules/date-format": {
      "version": "0.0.2",
      "resolved": "https://registry.npmjs.org/date-format/-/date-format-0.0.2.tgz",
      "integrity": "sha1-+v1Ej3IRXvHitzkVWukvK+bCjdE=",
      "deprecated": "0.x is no longer supported. Please upgrade to 4.x or higher."
    },
    "node_modules/junit-report-builder": {
      "version": "1.3.1",
      "resolved": "https://registry.npmjs.org/junit-report-builder/-/junit-report-builder-1.3.1.tgz",
      "integrity": "sha512-KTueBpPsmjfiyrAxxhKlEMwXb3aRmDHG5tRYwtRF3ujLQ7/e/5MH3b2p9ND2P84rU8z5dQq40vWJv6TtEdS16Q==",
      "dependencies": {
        "date-format": "0.0.2",
        "lodash": "^4.17.10",
        "mkdirp": "^0.5.0",
        "xmlbuilder": "^10.0.0"
      }
    },
    "node_modules/lodash": {
      "version": "4.17.23",
      "resolved": "https://registry.npmjs.org/lodash/-/lodash-4.17.23.tgz",
      "integrity": "sha512-LgVTMpQtIopCi79SJeDiP0TfWi5CNEc/L/aRdTh3yIvmZXTnheWpKjSZhnvMl8iXbC1tFg9gdHHDMLoV7CnG+w==",
      "license": "MIT"
    },
    "node_modules/minimist": {
      "version": "0.0.8",
      "resolved": "https://registry.npmjs.org/minimist/-/minimist-0.0.8.tgz",
      "integrity": "sha1-hX/Kv8M5fSYluCKCYuhqp6ARsF0="
    },
    "node_modules/mkdirp": {
      "version": "0.5.1",
      "resolved": "https://registry.npmjs.org/mkdirp/-/mkdirp-0.5.1.tgz",
      "integrity": "sha1-MAV0OOrGz3+MR2fzhkjWaX11yQM=",
      "deprecated": "Legacy versions of mkdirp are no longer supported. Please update to mkdirp 1.x. (Note that the API surface has changed to use Promises in 1.x.)",
      "dependencies": {
        "minimist": "0.0.8"
      },
      "bin": {
        "mkdirp": "bin/cmd.js"
      }
    },
    "node_modules/xmlbuilder": {
      "version": "10.0.0",
      "resolved": "https://registry.npmjs.org/xmlbuilder/-/xmlbuilder-10.0.0.tgz",
      "integrity": "sha512-7RWHlmF1yU/E++BZkRQTEv8ZFAhZ+YHINUAxiZ5LQTKRQq//igpiY8rh7dJqPzgb/IzeC5jH9P7OaCERfM9DwA==",
      "engines": {
        "node": ">=4.0"
      }
    }
  }
}
